lockfileVersion: '9.0'

settings:
  autoInstallPeers: true
  excludeLinksFromLockfile: false

importers:

  .:
    dependencies:
      '@hono/node-server':
        specifier: ^1.14.1
        version: 1.14.1(hono@4.7.8)
      '@hono/oauth-providers':
        specifier: ^0.7.1
        version: 0.7.1(hono@4.7.8)
      dotenv:
        specifier: ^16.5.0
        version: 16.5.0
      hono:
        specifier: ^4.7.8
        version: 4.7.8
      x:
        specifier: link:@hono/oauth-providers/x
        version: link:@hono/oauth-providers/x

packages:

  '@hono/node-server@1.14.1':
    resolution: {integrity: sha512-vmbuM+HPinjWzPe7FFPWMMQMsbKE9gDPhaH0FFdqbGpkT5lp++tcWDTxwBl5EgS5y6JVgIaCdjeHRfQ4XRBRjQ==}
    engines: {node: '>=18.14.1'}
    peerDependencies:
      hono: ^4

  '@hono/oauth-providers@0.7.1':
    resolution: {integrity: sha512-NJ9weiJ5Af+/Waq0q/DIMofxkKlK32pVl7/iXh/Q0dumRKftn1A41h3d5clsNtwNsKfADErtshbdD1Q89/bFag==}
    engines: {node: '>=18.4.0'}
    peerDependencies:
      hono: '>=3.*'

  dotenv@16.5.0:
    resolution: {integrity: sha512-m/C+AwOAr9/W1UOIZUo232ejMNnJAJtYQjUbHoNTBNTJSvqzzDh7vnrei3o3r3m9blf6ZoDkvcw0VmozNRFJxg==}
    engines: {node: '>=12'}

  hono@4.7.8:
    resolution: {integrity: sha512-PCibtFdxa7/Ldud9yddl1G81GjYaeMYYTq4ywSaNsYbB1Lug4mwtOMJf2WXykL0pntYwmpRJeOI3NmoDgD+Jxw==}
    engines: {node: '>=16.9.0'}

snapshots:

  '@hono/node-server@1.14.1(hono@4.7.8)':
    dependencies:
      hono: 4.7.8

  '@hono/oauth-providers@0.7.1(hono@4.7.8)':
    dependencies:
      hono: 4.7.8

  dotenv@16.5.0: {}

  hono@4.7.8: {}
